
Microsoft Visual Studio Solution File, Format Version 12.00
# Visual Studio Version 17
VisualStudioVersion = 17.5.33414.496
MinimumVisualStudioVersion = 10.0.40219.1
Project("{9A19103F-16F7-4668-BE54-9A1E7A4F7556}") = "Stockify", "Stockify\Stockify.csproj", "{72504CFC-460F-4F3A-BD52-71BA4863D2A0}"
EndProject
Project("{9A19103F-16F7-4668-BE54-9A1E7A4F7556}") = "StockifyTest", "StockifyTest\StockifyTest.csproj", "{5017AACA-F0A2-4FB5-B81B-644CD3D5A7F8}"
EndProject
Project("{FAE04EC0-301F-11D3-BF4B-00C04F79EFBC}") = "StockifyAPI", "StockifyAPI\StockifyAPI.csproj", "{34A73726-8BA5-48F3-9C0D-CF87FD627E54}"
EndProject
Project("{FAE04EC0-301F-11D3-BF4B-00C04F79EFBC}") = "StockifyAPIConsoleApp", "StockifyAPIConsoleApp\StockifyAPIConsoleApp.csproj", "{B0C319CF-CAE1-4ECB-9249-ED46E67B7D38}"
EndProject
Global
	GlobalSection(SolutionConfigurationPlatforms) = preSolution
		Debug|Any CPU = Debug|Any CPU
		Release|Any CPU = Release|Any CPU
	EndGlobalSection
	GlobalSection(ProjectConfigurationPlatforms) = postSolution
		{72504CFC-460F-4F3A-BD52-71BA4863D2A0}.Debug|Any CPU.ActiveCfg = Debug|Any CPU
		{72504CFC-460F-4F3A-BD52-71BA4863D2A0}.Debug|Any CPU.Build.0 = Debug|Any CPU
		{72504CFC-460F-4F3A-BD52-71BA4863D2A0}.Release|Any CPU.ActiveCfg = Release|Any CPU
		{72504CFC-460F-4F3A-BD52-71BA4863D2A0}.Release|Any CPU.Build.0 = Release|Any CPU
		{5017AACA-F0A2-4FB5-B81B-644CD3D5A7F8}.Debug|Any CPU.ActiveCfg = Debug|Any CPU
		{5017AACA-F0A2-4FB5-B81B-644CD3D5A7F8}.Debug|Any CPU.Build.0 = Debug|Any CPU
		{5017AACA-F0A2-4FB5-B81B-644CD3D5A7F8}.Release|Any CPU.ActiveCfg = Release|Any CPU
		{5017AACA-F0A2-4FB5-B81B-644CD3D5A7F8}.Release|Any CPU.Build.0 = Release|Any CPU
		{34A73726-8BA5-48F3-9C0D-CF87FD627E54}.Debug|Any CPU.ActiveCfg = Debug|Any CPU
		{34A73726-8BA5-48F3-9C0D-CF87FD627E54}.Debug|Any CPU.Build.0 = Debug|Any CPU
		{34A73726-8BA5-48F3-9C0D-CF87FD627E54}.Release|Any CPU.ActiveCfg = Release|Any CPU
		{34A73726-8BA5-48F3-9C0D-CF87FD627E54}.Release|Any CPU.Build.0 = Release|Any CPU
		{B0C319CF-CAE1-4ECB-9249-ED46E67B7D38}.Debug|Any CPU.ActiveCfg = Debug|Any CPU
		{B0C319CF-CAE1-4ECB-9249-ED46E67B7D38}.Debug|Any CPU.Build.0 = Debug|Any CPU
		{B0C319CF-CAE1-4ECB-9249-ED46E67B7D38}.Release|Any CPU.ActiveCfg = Release|Any CPU
		{B0C319CF-CAE1-4ECB-9249-ED46E67B7D38}.Release|Any CPU.Build.0 = Release|Any CPU
	EndGlobalSection
	GlobalSection(SolutionProperties) = preSolution
		HideSolutionNode = FALSE
	EndGlobalSection
	GlobalSection(ExtensibilityGlobals) = postSolution
		SolutionGuid = {303F7236-E255-47BB-A3CF-313CBF86F296}
	EndGlobalSection
EndGlobal
